
Microsoft Visual Studio Solution File, Format Version 12.00
# Visual Studio Version 17
VisualStudioVersion = 17.0.31903.59
MinimumVisualStudioVersion = 10.0.40219.1
Project("{2150E333-8FDC-42A3-9474-1A3956D46DE8}") = "src", "src", "{827E0CD3-B72D-47B6-A68D-7590B98EB39B}"
EndProject
Project("{2150E333-8FDC-42A3-9474-1A3956D46DE8}") = "BuildingBlocks", "BuildingBlocks", "{90298CBA-BD6F-3A0A-69D5-97CAD7B05E7E}"
EndProject
Project("{FAE04EC0-301F-11D3-BF4B-00C04F79EFBC}") = "MicroShop.BuildingBlocks.Application", "src\BuildingBlocks\MicroShop.BuildingBlocks.Application\MicroShop.BuildingBlocks.Application.csproj", "{0EF6DE78-380F-45EB-B13D-3AE2A73B71B1}"
EndProject
Project("{FAE04EC0-301F-11D3-BF4B-00C04F79EFBC}") = "MicroShop.BuildingBlocks.Domain", "src\BuildingBlocks\MicroShop.BuildingBlocks.Domain\MicroShop.BuildingBlocks.Domain.csproj", "{3610C230-7497-439F-BC06-9BCADD215515}"
EndProject
Project("{FAE04EC0-301F-11D3-BF4B-00C04F79EFBC}") = "MicroShop.BuildingBlocks.Infrastructure", "src\BuildingBlocks\MicroShop.BuildingBlocks.Infrastructure\MicroShop.BuildingBlocks.Infrastructure.csproj", "{15EDAC8E-CE18-4178-B821-106730E9344F}"
EndProject
Project("{2150E333-8FDC-42A3-9474-1A3956D46DE8}") = "Contracts", "Contracts", "{FFBE31B8-50B9-B415-22BC-2F92C97CADA3}"
EndProject
Project("{FAE04EC0-301F-11D3-BF4B-00C04F79EFBC}") = "MicroShop.Contracts", "src\Contracts\MicroShop.Contracts\MicroShop.Contracts.csproj", "{ABD4CB89-37E0-45CD-B71B-D140FCBC0196}"
EndProject
Project("{2150E333-8FDC-42A3-9474-1A3956D46DE8}") = "Services", "Services", "{984BB9B3-3FA3-BE33-9484-CAC21695A33C}"
EndProject
Project("{2150E333-8FDC-42A3-9474-1A3956D46DE8}") = "Catalog", "Catalog", "{C91C1CF1-1625-0789-F869-53D87D6277BA}"
EndProject
Project("{FAE04EC0-301F-11D3-BF4B-00C04F79EFBC}") = "MicroShop.Catalog.Api", "src\Services\Catalog\MicroShop.Catalog.Api\MicroShop.Catalog.Api.csproj", "{7E1B7CF5-AF84-497E-B547-436B9A0B56E0}"
EndProject
Project("{FAE04EC0-301F-11D3-BF4B-00C04F79EFBC}") = "MicroShop.Catalog.Application", "src\Services\Catalog\MicroShop.Catalog.Application\MicroShop.Catalog.Application.csproj", "{96C712F1-E2CE-45B2-8032-BD4E83C3C805}"
EndProject
Project("{FAE04EC0-301F-11D3-BF4B-00C04F79EFBC}") = "MicroShop.Catalog.Domain", "src\Services\Catalog\MicroShop.Catalog.Domain\MicroShop.Catalog.Domain.csproj", "{0240FA39-16B5-4658-8827-8B53203F0A6F}"
EndProject
Project("{FAE04EC0-301F-11D3-BF4B-00C04F79EFBC}") = "MicroShop.Catalog.Infrastructure", "src\Services\Catalog\MicroShop.Catalog.Infrastructure\MicroShop.Catalog.Infrastructure.csproj", "{12467716-01B1-4616-8EB2-993E01AD9015}"
EndProject
Project("{2150E333-8FDC-42A3-9474-1A3956D46DE8}") = "Inventory", "Inventory", "{CA15E31E-CB60-F235-5CDF-2E527A86A72C}"
EndProject
Project("{FAE04EC0-301F-11D3-BF4B-00C04F79EFBC}") = "MicroShop.Inventory.Api", "src\Services\Inventory\MicroShop.Inventory.Api\MicroShop.Inventory.Api.csproj", "{A059DEE7-D8C5-4BAE-A5C5-2A9FAD22B381}"
EndProject
Project("{FAE04EC0-301F-11D3-BF4B-00C04F79EFBC}") = "MicroShop.Inventory.Application", "src\Services\Inventory\MicroShop.Inventory.Application\MicroShop.Inventory.Application.csproj", "{0F82AFC1-C861-4E0F-9E09-B59AF9E792AF}"
EndProject
Project("{FAE04EC0-301F-11D3-BF4B-00C04F79EFBC}") = "MicroShop.Inventory.Domain", "src\Services\Inventory\MicroShop.Inventory.Domain\MicroShop.Inventory.Domain.csproj", "{BB947797-A63E-4B7F-B5D5-F1EF5ACF57AF}"
EndProject
Project("{FAE04EC0-301F-11D3-BF4B-00C04F79EFBC}") = "MicroShop.Inventory.Infrastructure", "src\Services\Inventory\MicroShop.Inventory.Infrastructure\MicroShop.Inventory.Infrastructure.csproj", "{E9DA3FE8-1AC6-4BCC-A26C-DF31087D0169}"
EndProject
Global
	GlobalSection(SolutionConfigurationPlatforms) = preSolution
		Debug|Any CPU = Debug|Any CPU
		Debug|x64 = Debug|x64
		Debug|x86 = Debug|x86
		Release|Any CPU = Release|Any CPU
		Release|x64 = Release|x64
		Release|x86 = Release|x86
	EndGlobalSection
	GlobalSection(ProjectConfigurationPlatforms) = postSolution
		{0EF6DE78-380F-45EB-B13D-3AE2A73B71B1}.Debug|Any CPU.ActiveCfg = Debug|Any CPU
		{0EF6DE78-380F-45EB-B13D-3AE2A73B71B1}.Debug|Any CPU.Build.0 = Debug|Any CPU
		{0EF6DE78-380F-45EB-B13D-3AE2A73B71B1}.Debug|x64.ActiveCfg = Debug|Any CPU
		{0EF6DE78-380F-45EB-B13D-3AE2A73B71B1}.Debug|x64.Build.0 = Debug|Any CPU
		{0EF6DE78-380F-45EB-B13D-3AE2A73B71B1}.Debug|x86.ActiveCfg = Debug|Any CPU
		{0EF6DE78-380F-45EB-B13D-3AE2A73B71B1}.Debug|x86.Build.0 = Debug|Any CPU
		{0EF6DE78-380F-45EB-B13D-3AE2A73B71B1}.Release|Any CPU.ActiveCfg = Release|Any CPU
		{0EF6DE78-380F-45EB-B13D-3AE2A73B71B1}.Release|Any CPU.Build.0 = Release|Any CPU
		{0EF6DE78-380F-45EB-B13D-3AE2A73B71B1}.Release|x64.ActiveCfg = Release|Any CPU
		{0EF6DE78-380F-45EB-B13D-3AE2A73B71B1}.Release|x64.Build.0 = Release|Any CPU
		{0EF6DE78-380F-45EB-B13D-3AE2A73B71B1}.Release|x86.ActiveCfg = Release|Any CPU
		{0EF6DE78-380F-45EB-B13D-3AE2A73B71B1}.Release|x86.Build.0 = Release|Any CPU
		{3610C230-7497-439F-BC06-9BCADD215515}.Debug|Any CPU.ActiveCfg = Debug|Any CPU
		{3610C230-7497-439F-BC06-9BCADD215515}.Debug|Any CPU.Build.0 = Debug|Any CPU
		{3610C230-7497-439F-BC06-9BCADD215515}.Debug|x64.ActiveCfg = Debug|Any CPU
		{3610C230-7497-439F-BC06-9BCADD215515}.Debug|x64.Build.0 = Debug|Any CPU
		{3610C230-7497-439F-BC06-9BCADD215515}.Debug|x86.ActiveCfg = Debug|Any CPU
		{3610C230-7497-439F-BC06-9BCADD215515}.Debug|x86.Build.0 = Debug|Any CPU
		{3610C230-7497-439F-BC06-9BCADD215515}.Release|Any CPU.ActiveCfg = Release|Any CPU
		{3610C230-7497-439F-BC06-9BCADD215515}.Release|Any CPU.Build.0 = Release|Any CPU
		{3610C230-7497-439F-BC06-9BCADD215515}.Release|x64.ActiveCfg = Release|Any CPU
		{3610C230-7497-439F-BC06-9BCADD215515}.Release|x64.Build.0 = Release|Any CPU
		{3610C230-7497-439F-BC06-9BCADD215515}.Release|x86.ActiveCfg = Release|Any CPU
		{3610C230-7497-439F-BC06-9BCADD215515}.Release|x86.Build.0 = Release|Any CPU
		{15EDAC8E-CE18-4178-B821-106730E9344F}.Debug|Any CPU.ActiveCfg = Debug|Any CPU
		{15EDAC8E-CE18-4178-B821-106730E9344F}.Debug|Any CPU.Build.0 = Debug|Any CPU
		{15EDAC8E-CE18-4178-B821-106730E9344F}.Debug|x64.ActiveCfg = Debug|Any CPU
		{15EDAC8E-CE18-4178-B821-106730E9344F}.Debug|x64.Build.0 = Debug|Any CPU
		{15EDAC8E-CE18-4178-B821-106730E9344F}.Debug|x86.ActiveCfg = Debug|Any CPU
		{15EDAC8E-CE18-4178-B821-106730E9344F}.Debug|x86.Build.0 = Debug|Any CPU
		{15EDAC8E-CE18-4178-B821-106730E9344F}.Release|Any CPU.ActiveCfg = Release|Any CPU
		{15EDAC8E-CE18-4178-B821-106730E9344F}.Release|Any CPU.Build.0 = Release|Any CPU
		{15EDAC8E-CE18-4178-B821-106730E9344F}.Release|x64.ActiveCfg = Release|Any CPU
		{15EDAC8E-CE18-4178-B821-106730E9344F}.Release|x64.Build.0 = Release|Any CPU
		{15EDAC8E-CE18-4178-B821-106730E9344F}.Release|x86.ActiveCfg = Release|Any CPU
		{15EDAC8E-CE18-4178-B821-106730E9344F}.Release|x86.Build.0 = Release|Any CPU
		{ABD4CB89-37E0-45CD-B71B-D140FCBC0196}.Debug|Any CPU.ActiveCfg = Debug|Any CPU
		{ABD4CB89-37E0-45CD-B71B-D140FCBC0196}.Debug|Any CPU.Build.0 = Debug|Any CPU
		{ABD4CB89-37E0-45CD-B71B-D140FCBC0196}.Debug|x64.ActiveCfg = Debug|Any CPU
		{ABD4CB89-37E0-45CD-B71B-D140FCBC0196}.Debug|x64.Build.0 = Debug|Any CPU
		{ABD4CB89-37E0-45CD-B71B-D140FCBC0196}.Debug|x86.ActiveCfg = Debug|Any CPU
		{ABD4CB89-37E0-45CD-B71B-D140FCBC0196}.Debug|x86.Build.0 = Debug|Any CPU
		{ABD4CB89-37E0-45CD-B71B-D140FCBC0196}.Release|Any CPU.ActiveCfg = Release|Any CPU
		{ABD4CB89-37E0-45CD-B71B-D140FCBC0196}.Release|Any CPU.Build.0 = Release|Any CPU
		{ABD4CB89-37E0-45CD-B71B-D140FCBC0196}.Release|x64.ActiveCfg = Release|Any CPU
		{ABD4CB89-37E0-45CD-B71B-D140FCBC0196}.Release|x64.Build.0 = Release|Any CPU
		{ABD4CB89-37E0-45CD-B71B-D140FCBC0196}.Release|x86.ActiveCfg = Release|Any CPU
		{ABD4CB89-37E0-45CD-B71B-D140FCBC0196}.Release|x86.Build.0 = Release|Any CPU
		{7E1B7CF5-AF84-497E-B547-436B9A0B56E0}.Debug|Any CPU.ActiveCfg = Debug|Any CPU
		{7E1B7CF5-AF84-497E-B547-436B9A0B56E0}.Debug|Any CPU.Build.0 = Debug|Any CPU
		{7E1B7CF5-AF84-497E-B547-436B9A0B56E0}.Debug|x64.ActiveCfg = Debug|Any CPU
		{7E1B7CF5-AF84-497E-B547-436B9A0B56E0}.Debug|x64.Build.0 = Debug|Any CPU
		{7E1B7CF5-AF84-497E-B547-436B9A0B56E0}.Debug|x86.ActiveCfg = Debug|Any CPU
		{7E1B7CF5-AF84-497E-B547-436B9A0B56E0}.Debug|x86.Build.0 = Debug|Any CPU
		{7E1B7CF5-AF84-497E-B547-436B9A0B56E0}.Release|Any CPU.ActiveCfg = Release|Any CPU
		{7E1B7CF5-AF84-497E-B547-436B9A0B56E0}.Release|Any CPU.Build.0 = Release|Any CPU
		{7E1B7CF5-AF84-497E-B547-436B9A0B56E0}.Release|x64.ActiveCfg = Release|Any CPU
		{7E1B7CF5-AF84-497E-B547-436B9A0B56E0}.Release|x64.Build.0 = Release|Any CPU
		{7E1B7CF5-AF84-497E-B547-436B9A0B56E0}.Release|x86.ActiveCfg = Release|Any CPU
		{7E1B7CF5-AF84-497E-B547-436B9A0B56E0}.Release|x86.Build.0 = Release|Any CPU
		{96C712F1-E2CE-45B2-8032-BD4E83C3C805}.Debug|Any CPU.ActiveCfg = Debug|Any CPU
		{96C712F1-E2CE-45B2-8032-BD4E83C3C805}.Debug|Any CPU.Build.0 = Debug|Any CPU
		{96C712F1-E2CE-45B2-8032-BD4E83C3C805}.Debug|x64.ActiveCfg = Debug|Any CPU
		{96C712F1-E2CE-45B2-8032-BD4E83C3C805}.Debug|x64.Build.0 = Debug|Any CPU
		{96C712F1-E2CE-45B2-8032-BD4E83C3C805}.Debug|x86.ActiveCfg = Debug|Any CPU
		{96C712F1-E2CE-45B2-8032-BD4E83C3C805}.Debug|x86.Build.0 = Debug|Any CPU
		{96C712F1-E2CE-45B2-8032-BD4E83C3C805}.Release|Any CPU.ActiveCfg = Release|Any CPU
		{96C712F1-E2CE-45B2-8032-BD4E83C3C805}.Release|Any CPU.Build.0 = Release|Any CPU
		{96C712F1-E2CE-45B2-8032-BD4E83C3C805}.Release|x64.ActiveCfg = Release|Any CPU
		{96C712F1-E2CE-45B2-8032-BD4E83C3C805}.Release|x64.Build.0 = Release|Any CPU
		{96C712F1-E2CE-45B2-8032-BD4E83C3C805}.Release|x86.ActiveCfg = Release|Any CPU
		{96C712F1-E2CE-45B2-8032-BD4E83C3C805}.Release|x86.Build.0 = Release|Any CPU
		{0240FA39-16B5-4658-8827-8B53203F0A6F}.Debug|Any CPU.ActiveCfg = Debug|Any CPU
		{0240FA39-16B5-4658-8827-8B53203F0A6F}.Debug|Any CPU.Build.0 = Debug|Any CPU
		{0240FA39-16B5-4658-8827-8B53203F0A6F}.Debug|x64.ActiveCfg = Debug|Any CPU
		{0240FA39-16B5-4658-8827-8B53203F0A6F}.Debug|x64.Build.0 = Debug|Any CPU
		{0240FA39-16B5-4658-8827-8B53203F0A6F}.Debug|x86.ActiveCfg = Debug|Any CPU
		{0240FA39-16B5-4658-8827-8B53203F0A6F}.Debug|x86.Build.0 = Debug|Any CPU
		{0240FA39-16B5-4658-8827-8B53203F0A6F}.Release|Any CPU.ActiveCfg = Release|Any CPU
		{0240FA39-16B5-4658-8827-8B53203F0A6F}.Release|Any CPU.Build.0 = Release|Any CPU
		{0240FA39-16B5-4658-8827-8B53203F0A6F}.Release|x64.ActiveCfg = Release|Any CPU
		{0240FA39-16B5-4658-8827-8B53203F0A6F}.Release|x64.Build.0 = Release|Any CPU
		{0240FA39-16B5-4658-8827-8B53203F0A6F}.Release|x86.ActiveCfg = Release|Any CPU
		{0240FA39-16B5-4658-8827-8B53203F0A6F}.Release|x86.Build.0 = Release|Any CPU
		{12467716-01B1-4616-8EB2-993E01AD9015}.Debug|Any CPU.ActiveCfg = Debug|Any CPU
		{12467716-01B1-4616-8EB2-993E01AD9015}.Debug|Any CPU.Build.0 = Debug|Any CPU
		{12467716-01B1-4616-8EB2-993E01AD9015}.Debug|x64.ActiveCfg = Debug|Any CPU
		{12467716-01B1-4616-8EB2-993E01AD9015}.Debug|x64.Build.0 = Debug|Any CPU
		{12467716-01B1-4616-8EB2-993E01AD9015}.Debug|x86.ActiveCfg = Debug|Any CPU
		{12467716-01B1-4616-8EB2-993E01AD9015}.Debug|x86.Build.0 = Debug|Any CPU
		{12467716-01B1-4616-8EB2-993E01AD9015}.Release|Any CPU.ActiveCfg = Release|Any CPU
		{12467716-01B1-4616-8EB2-993E01AD9015}.Release|Any CPU.Build.0 = Release|Any CPU
		{12467716-01B1-4616-8EB2-993E01AD9015}.Release|x64.ActiveCfg = Release|Any CPU
		{12467716-01B1-4616-8EB2-993E01AD9015}.Release|x64.Build.0 = Release|Any CPU
		{12467716-01B1-4616-8EB2-993E01AD9015}.Release|x86.ActiveCfg = Release|Any CPU
		{12467716-01B1-4616-8EB2-993E01AD9015}.Release|x86.Build.0 = Release|Any CPU
		{A059DEE7-D8C5-4BAE-A5C5-2A9FAD22B381}.Debug|Any CPU.ActiveCfg = Debug|Any CPU
		{A059DEE7-D8C5-4BAE-A5C5-2A9FAD22B381}.Debug|Any CPU.Build.0 = Debug|Any CPU
		{A059DEE7-D8C5-4BAE-A5C5-2A9FAD22B381}.Debug|x64.ActiveCfg = Debug|Any CPU
		{A059DEE7-D8C5-4BAE-A5C5-2A9FAD22B381}.Debug|x64.Build.0 = Debug|Any CPU
		{A059DEE7-D8C5-4BAE-A5C5-2A9FAD22B381}.Debug|x86.ActiveCfg = Debug|Any CPU
		{A059DEE7-D8C5-4BAE-A5C5-2A9FAD22B381}.Debug|x86.Build.0 = Debug|Any CPU
		{A059DEE7-D8C5-4BAE-A5C5-2A9FAD22B381}.Release|Any CPU.ActiveCfg = Release|Any CPU
		{A059DEE7-D8C5-4BAE-A5C5-2A9FAD22B381}.Release|Any CPU.Build.0 = Release|Any CPU
		{A059DEE7-D8C5-4BAE-A5C5-2A9FAD22B381}.Release|x64.ActiveCfg = Release|Any CPU
		{A059DEE7-D8C5-4BAE-A5C5-2A9FAD22B381}.Release|x64.Build.0 = Release|Any CPU
		{A059DEE7-D8C5-4BAE-A5C5-2A9FAD22B381}.Release|x86.ActiveCfg = Release|Any CPU
		{A059DEE7-D8C5-4BAE-A5C5-2A9FAD22B381}.Release|x86.Build.0 = Release|Any CPU
		{0F82AFC1-C861-4E0F-9E09-B59AF9E792AF}.Debug|Any CPU.ActiveCfg = Debug|Any CPU
		{0F82AFC1-C861-4E0F-9E09-B59AF9E792AF}.Debug|Any CPU.Build.0 = Debug|Any CPU
		{0F82AFC1-C861-4E0F-9E09-B59AF9E792AF}.Debug|x64.ActiveCfg = Debug|Any CPU
		{0F82AFC1-C861-4E0F-9E09-B59AF9E792AF}.Debug|x64.Build.0 = Debug|Any CPU
		{0F82AFC1-C861-4E0F-9E09-B59AF9E792AF}.Debug|x86.ActiveCfg = Debug|Any CPU
		{0F82AFC1-C861-4E0F-9E09-B59AF9E792AF}.Debug|x86.Build.0 = Debug|Any CPU
		{0F82AFC1-C861-4E0F-9E09-B59AF9E792AF}.Release|Any CPU.ActiveCfg = Release|Any CPU
		{0F82AFC1-C861-4E0F-9E09-B59AF9E792AF}.Release|Any CPU.Build.0 = Release|Any CPU
		{0F82AFC1-C861-4E0F-9E09-B59AF9E792AF}.Release|x64.ActiveCfg = Release|Any CPU
		{0F82AFC1-C861-4E0F-9E09-B59AF9E792AF}.Release|x64.Build.0 = Release|Any CPU
		{0F82AFC1-C861-4E0F-9E09-B59AF9E792AF}.Release|x86.ActiveCfg = Release|Any CPU
		{0F82AFC1-C861-4E0F-9E09-B59AF9E792AF}.Release|x86.Build.0 = Release|Any CPU
		{BB947797-A63E-4B7F-B5D5-F1EF5ACF57AF}.Debug|Any CPU.ActiveCfg = Debug|Any CPU
		{BB947797-A63E-4B7F-B5D5-F1EF5ACF57AF}.Debug|Any CPU.Build.0 = Debug|Any CPU
		{BB947797-A63E-4B7F-B5D5-F1EF5ACF57AF}.Debug|x64.ActiveCfg = Debug|Any CPU
		{BB947797-A63E-4B7F-B5D5-F1EF5ACF57AF}.Debug|x64.Build.0 = Debug|Any CPU
		{BB947797-A63E-4B7F-B5D5-F1EF5ACF57AF}.Debug|x86.ActiveCfg = Debug|Any CPU
		{BB947797-A63E-4B7F-B5D5-F1EF5ACF57AF}.Debug|x86.Build.0 = Debug|Any CPU
		{BB947797-A63E-4B7F-B5D5-F1EF5ACF57AF}.Release|Any CPU.ActiveCfg = Release|Any CPU
		{BB947797-A63E-4B7F-B5D5-F1EF5ACF57AF}.Release|Any CPU.Build.0 = Release|Any CPU
		{BB947797-A63E-4B7F-B5D5-F1EF5ACF57AF}.Release|x64.ActiveCfg = Release|Any CPU
		{BB947797-A63E-4B7F-B5D5-F1EF5ACF57AF}.Release|x64.Build.0 = Release|Any CPU
		{BB947797-A63E-4B7F-B5D5-F1EF5ACF57AF}.Release|x86.ActiveCfg = Release|Any CPU
		{BB947797-A63E-4B7F-B5D5-F1EF5ACF57AF}.Release|x86.Build.0 = Release|Any CPU
		{E9DA3FE8-1AC6-4BCC-A26C-DF31087D0169}.Debug|Any CPU.ActiveCfg = Debug|Any CPU
		{E9DA3FE8-1AC6-4BCC-A26C-DF31087D0169}.Debug|Any CPU.Build.0 = Debug|Any CPU
		{E9DA3FE8-1AC6-4BCC-A26C-DF31087D0169}.Debug|x64.ActiveCfg = Debug|Any CPU
		{E9DA3FE8-1AC6-4BCC-A26C-DF31087D0169}.Debug|x64.Build.0 = Debug|Any CPU
		{E9DA3FE8-1AC6-4BCC-A26C-DF31087D0169}.Debug|x86.ActiveCfg = Debug|Any CPU
		{E9DA3FE8-1AC6-4BCC-A26C-DF31087D0169}.Debug|x86.Build.0 = Debug|Any CPU
		{E9DA3FE8-1AC6-4BCC-A26C-DF31087D0169}.Release|Any CPU.ActiveCfg = Release|Any CPU
		{E9DA3FE8-1AC6-4BCC-A26C-DF31087D0169}.Release|Any CPU.Build.0 = Release|Any CPU
		{E9DA3FE8-1AC6-4BCC-A26C-DF31087D0169}.Release|x64.ActiveCfg = Release|Any CPU
		{E9DA3FE8-1AC6-4BCC-A26C-DF31087D0169}.Release|x64.Build.0 = Release|Any CPU
		{E9DA3FE8-1AC6-4BCC-A26C-DF31087D0169}.Release|x86.ActiveCfg = Release|Any CPU
		{E9DA3FE8-1AC6-4BCC-A26C-DF31087D0169}.Release|x86.Build.0 = Release|Any CPU
	EndGlobalSection
	GlobalSection(SolutionProperties) = preSolution
		HideSolutionNode = FALSE
	EndGlobalSection
	GlobalSection(NestedProjects) = preSolution
		{90298CBA-BD6F-3A0A-69D5-97CAD7B05E7E} = {827E0CD3-B72D-47B6-A68D-7590B98EB39B}
		{0EF6DE78-380F-45EB-B13D-3AE2A73B71B1} = {90298CBA-BD6F-3A0A-69D5-97CAD7B05E7E}
		{3610C230-7497-439F-BC06-9BCADD215515} = {90298CBA-BD6F-3A0A-69D5-97CAD7B05E7E}
		{15EDAC8E-CE18-4178-B821-106730E9344F} = {90298CBA-BD6F-3A0A-69D5-97CAD7B05E7E}
		{FFBE31B8-50B9-B415-22BC-2F92C97CADA3} = {827E0CD3-B72D-47B6-A68D-7590B98EB39B}
		{ABD4CB89-37E0-45CD-B71B-D140FCBC0196} = {FFBE31B8-50B9-B415-22BC-2F92C97CADA3}
		{984BB9B3-3FA3-BE33-9484-CAC21695A33C} = {827E0CD3-B72D-47B6-A68D-7590B98EB39B}
		{C91C1CF1-1625-0789-F869-53D87D6277BA} = {984BB9B3-3FA3-BE33-9484-CAC21695A33C}
		{7E1B7CF5-AF84-497E-B547-436B9A0B56E0} = {C91C1CF1-1625-0789-F869-53D87D6277BA}
		{96C712F1-E2CE-45B2-8032-BD4E83C3C805} = {C91C1CF1-1625-0789-F869-53D87D6277BA}
		{0240FA39-16B5-4658-8827-8B53203F0A6F} = {C91C1CF1-1625-0789-F869-53D87D6277BA}
		{12467716-01B1-4616-8EB2-993E01AD9015} = {C91C1CF1-1625-0789-F869-53D87D6277BA}
		{CA15E31E-CB60-F235-5CDF-2E527A86A72C} = {984BB9B3-3FA3-BE33-9484-CAC21695A33C}
		{A059DEE7-D8C5-4BAE-A5C5-2A9FAD22B381} = {CA15E31E-CB60-F235-5CDF-2E527A86A72C}
		{0F82AFC1-C861-4E0F-9E09-B59AF9E792AF} = {CA15E31E-CB60-F235-5CDF-2E527A86A72C}
		{BB947797-A63E-4B7F-B5D5-F1EF5ACF57AF} = {CA15E31E-CB60-F235-5CDF-2E527A86A72C}
		{E9DA3FE8-1AC6-4BCC-A26C-DF31087D0169} = {CA15E31E-CB60-F235-5CDF-2E527A86A72C}
	EndGlobalSection
EndGlobal
